github.com/FactomProject/btcutilecc v0.0.0-20130527213604-d3a63a5752ec h1:1Qb69mGp/UtRPn422BH4/Y4Q3SLUrD9KHuDkm8iodFc=
github.com/FactomProject/btcutilecc v0.0.0-20130527213604-d3a63a5752ec/go.mod h1:CD8UlnlLDiqb36L110uqiP2iSflVjx9g/3U9hCI4q2U=
github.com/LinX-OpenNetwork/coinutil v0.1.8 h1:z8tWFUwZXxIB8iTJObMUHLDdQJvb8/2F+of1D8/1idk=
github.com/LinX-OpenNetwork/coinutil v0.1.8/go.mod h1:aUc5S/6wMlRnba2s3ix2tgodYpsxSgiztLbZozB2y5A=
github.com/btcsuite/btcd/btcec/v2 v2.2.0 h1:fzn1qaOt32TuLjFlkzYSsBC35Q3KUjT1SwPxiMSCF5k=
github.com/btcsuite/btcd/btcec/v2 v2.2.0/go.mod h1:U7MHm051Al6XmscBQ0BoNydpOTsFAn707034b5nY8zU=
github.com/decred/dcrd/crypto/blake256 v1.0.0/go.mod h1:sQl2p6Y26YV+ZOcSTP6thNdn47hh8kt6rqSlvmrXFAc=
github.com/decred/dcrd/dcrec/secp256k1/v4 v4.0.1 h1:YLtO71vCjJRCBcrPMtQ9nqBsqpA1m5sE92cU+pd5Mcc=
github.com/decred/dcrd/dcrec/secp256k1/v4 v4.0.1/go.mod h1:hyedUtir6IdtD/7lIxGeCxkaw7y45JueMRL4DIyJDKs=
github.com/ethereum/go-ethereum v1.10.19 h1:EOR5JbL4MD5yeOqv8W2iC1s4NximrTjqFccUz8lyBRA=
github.com/ethereum/go-ethereum v1.10.19/go.mod h1:IJBNMtzKcNHPtllYihy6BL2IgK1u+32JriaTbdt4v+w=
golang.org/x/crypto v0.11.0 h1:6Ewdq3tDic1mg5xRO4milcWCfMVQhI4NkqWWvqejpuA=
golang.org/x/crypto v0.11.0/go.mod h1:xgJhtzW8F9jGdVFWZESrid1U1bjeNy4zgy5cRr/CIio=
golang.org/x/sys v0.10.0 h1:SqMFp9UcQJZa+pmYuAKjd9xq1f0j5rLcDIk0mj4qAsA=
golang.org/x/sys v0.10.0/go.mod h1:oPkhp1MJrh7nUepCBck5+mAzfO9JrbApNNgaTdGDITg=
